{
  "name": "musicvoting",
  "lockfileVersion": 3,
  "requires": true,
  "packages": {
    "": {
      "dependencies": {
        "sam": "^0.0.7"
      }
    },
    "node_modules/sam": {
      "version": "0.0.7",
      "resolved": "https://registry.npmjs.org/sam/-/sam-0.0.7.tgz",
      "integrity": "sha512-W2Z0guj82Y1ifbWEN73dCjWoJYIpxbadYrjPY8HW6Oen5QGrUn/kelKqlx9c8lVnkh7ElYkq5ITU7boakZN4bQ==",
      "license": "MIT"
    }
  }
}
